
Microsoft Visual Studio Solution File, Format Version 12.00
# Visual Studio Version 16
VisualStudioVersion = 16.0.30114.105
MinimumVisualStudioVersion = 10.0.40219.1
Project("{FAE04EC0-301F-11D3-BF4B-00C04F79EFBC}") = "financaspessoais.api", "financaspessoais.api\financaspessoais.api.csproj", "{A9146FCA-CE63-43BB-AE17-A4AB4A2591AA}"
EndProject
Project("{FAE04EC0-301F-11D3-BF4B-00C04F79EFBC}") = "financaspessoais.domain", "financaspessoais.domain\financaspessoais.domain.csproj", "{96BEF1BA-C174-47BE-A910-7CE4FB730D12}"
EndProject
Project("{FAE04EC0-301F-11D3-BF4B-00C04F79EFBC}") = "financaspessoais.data", "financaspessoais.data\financaspessoais.data.csproj", "{0D97FCCF-134F-4102-9CF3-4315ECC68033}"
EndProject
Global
	GlobalSection(SolutionConfigurationPlatforms) = preSolution
		Debug|Any CPU = Debug|Any CPU
		Debug|x64 = Debug|x64
		Debug|x86 = Debug|x86
		Release|Any CPU = Release|Any CPU
		Release|x64 = Release|x64
		Release|x86 = Release|x86
	EndGlobalSection
	GlobalSection(SolutionProperties) = preSolution
		HideSolutionNode = FALSE
	EndGlobalSection
	GlobalSection(ProjectConfigurationPlatforms) = postSolution
		{A9146FCA-CE63-43BB-AE17-A4AB4A2591AA}.Debug|Any CPU.ActiveCfg = Debug|Any CPU
		{A9146FCA-CE63-43BB-AE17-A4AB4A2591AA}.Debug|Any CPU.Build.0 = Debug|Any CPU
		{A9146FCA-CE63-43BB-AE17-A4AB4A2591AA}.Debug|x64.ActiveCfg = Debug|Any CPU
		{A9146FCA-CE63-43BB-AE17-A4AB4A2591AA}.Debug|x64.Build.0 = Debug|Any CPU
		{A9146FCA-CE63-43BB-AE17-A4AB4A2591AA}.Debug|x86.ActiveCfg = Debug|Any CPU
		{A9146FCA-CE63-43BB-AE17-A4AB4A2591AA}.Debug|x86.Build.0 = Debug|Any CPU
		{A9146FCA-CE63-43BB-AE17-A4AB4A2591AA}.Release|Any CPU.ActiveCfg = Release|Any CPU
		{A9146FCA-CE63-43BB-AE17-A4AB4A2591AA}.Release|Any CPU.Build.0 = Release|Any CPU
		{A9146FCA-CE63-43BB-AE17-A4AB4A2591AA}.Release|x64.ActiveCfg = Release|Any CPU
		{A9146FCA-CE63-43BB-AE17-A4AB4A2591AA}.Release|x64.Build.0 = Release|Any CPU
		{A9146FCA-CE63-43BB-AE17-A4AB4A2591AA}.Release|x86.ActiveCfg = Release|Any CPU
		{A9146FCA-CE63-43BB-AE17-A4AB4A2591AA}.Release|x86.Build.0 = Release|Any CPU
		{D0D73FB9-D68E-474C-8DD4-08ACA9666FAB}.Debug|Any CPU.ActiveCfg = Debug|Any CPU
		{D0D73FB9-D68E-474C-8DD4-08ACA9666FAB}.Debug|Any CPU.Build.0 = Debug|Any CPU
		{D0D73FB9-D68E-474C-8DD4-08ACA9666FAB}.Debug|x64.ActiveCfg = Debug|Any CPU
		{D0D73FB9-D68E-474C-8DD4-08ACA9666FAB}.Debug|x64.Build.0 = Debug|Any CPU
		{D0D73FB9-D68E-474C-8DD4-08ACA9666FAB}.Debug|x86.ActiveCfg = Debug|Any CPU
		{D0D73FB9-D68E-474C-8DD4-08ACA9666FAB}.Debug|x86.Build.0 = Debug|Any CPU
		{D0D73FB9-D68E-474C-8DD4-08ACA9666FAB}.Release|Any CPU.ActiveCfg = Release|Any CPU
		{D0D73FB9-D68E-474C-8DD4-08ACA9666FAB}.Release|Any CPU.Build.0 = Release|Any CPU
		{D0D73FB9-D68E-474C-8DD4-08ACA9666FAB}.Release|x64.ActiveCfg = Release|Any CPU
		{D0D73FB9-D68E-474C-8DD4-08ACA9666FAB}.Release|x64.Build.0 = Release|Any CPU
		{D0D73FB9-D68E-474C-8DD4-08ACA9666FAB}.Release|x86.ActiveCfg = Release|Any CPU
		{D0D73FB9-D68E-474C-8DD4-08ACA9666FAB}.Release|x86.Build.0 = Release|Any CPU
		{96BEF1BA-C174-47BE-A910-7CE4FB730D12}.Debug|Any CPU.ActiveCfg = Debug|Any CPU
		{96BEF1BA-C174-47BE-A910-7CE4FB730D12}.Debug|Any CPU.Build.0 = Debug|Any CPU
		{96BEF1BA-C174-47BE-A910-7CE4FB730D12}.Debug|x64.ActiveCfg = Debug|Any CPU
		{96BEF1BA-C174-47BE-A910-7CE4FB730D12}.Debug|x64.Build.0 = Debug|Any CPU
		{96BEF1BA-C174-47BE-A910-7CE4FB730D12}.Debug|x86.ActiveCfg = Debug|Any CPU
		{96BEF1BA-C174-47BE-A910-7CE4FB730D12}.Debug|x86.Build.0 = Debug|Any CPU
		{96BEF1BA-C174-47BE-A910-7CE4FB730D12}.Release|Any CPU.ActiveCfg = Release|Any CPU
		{96BEF1BA-C174-47BE-A910-7CE4FB730D12}.Release|Any CPU.Build.0 = Release|Any CPU
		{96BEF1BA-C174-47BE-A910-7CE4FB730D12}.Release|x64.ActiveCfg = Release|Any CPU
		{96BEF1BA-C174-47BE-A910-7CE4FB730D12}.Release|x64.Build.0 = Release|Any CPU
		{96BEF1BA-C174-47BE-A910-7CE4FB730D12}.Release|x86.ActiveCfg = Release|Any CPU
		{96BEF1BA-C174-47BE-A910-7CE4FB730D12}.Release|x86.Build.0 = Release|Any CPU
		{0D97FCCF-134F-4102-9CF3-4315ECC68033}.Debug|Any CPU.ActiveCfg = Debug|Any CPU
		{0D97FCCF-134F-4102-9CF3-4315ECC68033}.Debug|Any CPU.Build.0 = Debug|Any CPU
		{0D97FCCF-134F-4102-9CF3-4315ECC68033}.Debug|x64.ActiveCfg = Debug|Any CPU
		{0D97FCCF-134F-4102-9CF3-4315ECC68033}.Debug|x64.Build.0 = Debug|Any CPU
		{0D97FCCF-134F-4102-9CF3-4315ECC68033}.Debug|x86.ActiveCfg = Debug|Any CPU
		{0D97FCCF-134F-4102-9CF3-4315ECC68033}.Debug|x86.Build.0 = Debug|Any CPU
		{0D97FCCF-134F-4102-9CF3-4315ECC68033}.Release|Any CPU.ActiveCfg = Release|Any CPU
		{0D97FCCF-134F-4102-9CF3-4315ECC68033}.Release|Any CPU.Build.0 = Release|Any CPU
		{0D97FCCF-134F-4102-9CF3-4315ECC68033}.Release|x64.ActiveCfg = Release|Any CPU
		{0D97FCCF-134F-4102-9CF3-4315ECC68033}.Release|x64.Build.0 = Release|Any CPU
		{0D97FCCF-134F-4102-9CF3-4315ECC68033}.Release|x86.ActiveCfg = Release|Any CPU
		{0D97FCCF-134F-4102-9CF3-4315ECC68033}.Release|x86.Build.0 = Release|Any CPU
	EndGlobalSection
EndGlobal
